// !$*UTF8*$!
{
	archiveVersion = 1;
	classes = {
	};
	objectVersion = 46;
	objects = {

/* Begin PBXBuildFile section */
		AE0619B51BFB23B200A92DC7 /* main.m in Sources */ = {isa = PBXBuildFile; fileRef = AE0619B41BFB23B200A92DC7 /* main.m */; };
		AE0619B81BFB23B200A92DC7 /* AppDelegate.m in Sources */ = {isa = PBXBuildFile; fileRef = AE0619B71BFB23B200A92DC7 /* AppDelegate.m */; };
		AE0619BB1BFB23B200A92DC7 /* ViewController.m in Sources */ = {isa = PBXBuildFile; fileRef = AE0619BA1BFB23B200A92DC7 /* ViewController.m */; };
		AE0619BE1BFB23B200A92DC7 /* Main.storyboard in Resources */ = {isa = PBXBuildFile; fileRef = AE0619BC1BFB23B200A92DC7 /* Main.storyboard */; };
		AE0619C11BFB23B200A92DC7 /* QQ.xcdatamodeld in Sources */ = {isa = PBXBuildFile; fileRef = AE0619BF1BFB23B200A92DC7 /* QQ.xcdatamodeld */; };
		AE0619C31BFB23B300A92DC7 /* Assets.xcassets in Resources */ = {isa = PBXBuildFile; fileRef = AE0619C21BFB23B300A92DC7 /* Assets.xcassets */; };
		AE0619C61BFB23B300A92DC7 /* LaunchScreen.storyboard in Resources */ = {isa = PBXBuildFile; fileRef = AE0619C41BFB23B300A92DC7 /* LaunchScreen.storyboard */; };
		AE0619D11BFB23B300A92DC7 /* QQTests.m in Sources */ = {isa = PBXBuildFile; fileRef = AE0619D01BFB23B300A92DC7 /* QQTests.m */; };
		AE0619DC1BFB23B300A92DC7 /* QQUITests.m in Sources */ = {isa = PBXBuildFile; fileRef = AE0619DB1BFB23B300A92DC7 /* QQUITests.m */; };
/* End PBXBuildFile section */

/* Begin PBXContainerItemProxy section */
		AE0619CD1BFB23B300A92DC7 /* PBXContainerItemProxy */ = {
			isa = PBXContainerItemProxy;
			containerPortal = AE0619A81BFB23B200A92DC7 /* Project object */;
			proxyType = 1;
			remoteGlobalIDString = AE0619AF1BFB23B200A92DC7;
			remoteInfo = QQ;
		};
		AE0619D81BFB23B300A92DC7 /* PBXContainerItemProxy */ = {
			isa = PBXContainerItemProxy;
			containerPortal = AE0619A81BFB23B200A92DC7 /* Project object */;
			proxyType = 1;
			remoteGlobalIDString = AE0619AF1BFB23B200A92DC7;
			remoteInfo = QQ;
		};
/* End PBXContainerItemProxy section */

/* Begin PBXFileReference section */
		AE0619B01BFB23B200A92DC7 /* QQ.app */ = {isa = PBXFileReference; explicitFileType = wrapper.application; includeInIndex = 0; path = QQ.app; sourceTree = BUILT_PRODUCTS_DIR; };
		AE0619B41BFB23B200A92DC7 /* main.m */ = {isa = PBXFileReference; lastKnownFileType = sourcecode.c.objc; path = main.m; sourceTree = "<group>"; };
		AE0619B61BFB23B200A92DC7 /* AppDelegate.h */ = {isa = PBXFileReference; lastKnownFileType = sourcecode.c.h; path = AppDelegate.h; sourceTree = "<group>"; };
		AE0619B71BFB23B200A92DC7 /* AppDelegate.m */ = {isa = PBXFileReference; lastKnownFileType = sourcecode.c.objc; path = AppDelegate.m; sourceTree = "<group>"; };
		AE0619B91BFB23B200A92DC7 /* ViewController.h */ = {isa = PBXFileReference; lastKnownFileType = sourcecode.c.h; path = ViewController.h; sourceTree = "<group>"; };
		AE0619BA1BFB23B200A92DC7 /* ViewController.m */ = {isa = PBXFileReference; lastKnownFileType = sourcecode.c.objc; path = ViewController.m; sourceTree = "<group>"; };
		AE0619BD1BFB23B200A92DC7 /* Base */ = {isa = PBXFileReference; lastKnownFileType = file.storyboard; name = Base; path = Base.lproj/Main.storyboard; sourceTree = "<group>"; };
		AE0619C01BFB23B200A92DC7 /* QQ.xcdatamodel */ = {isa = PBXFileReference; lastKnownFileType = wrapper.xcdatamodel; path = QQ.xcdatamodel; sourceTree = "<group>"; };
		AE0619C21BFB23B300A92DC7 /* Assets.xcassets */ = {isa = PBXFileReference; lastKnownFileType = folder.assetcatalog; path = Assets.xcassets; sourceTree = "<group>"; };
		AE0619C51BFB23B300A92DC7 /* Base */ = {isa = PBXFileReference; lastKnownFileType = file.storyboard; name = Base; path = Base.lproj/LaunchScreen.storyboard; sourceTree = "<group>"; };
		AE0619C71BFB23B300A92DC7 /* Info.plist */ = {isa = PBXFileReference; lastKnownFileType = text.plist.xml; path = Info.plist; sourceTree = "<group>"; };
		AE0619CC1BFB23B300A92DC7 /* QQTests.xctest */ = {isa = PBXFileReference; explicitFileType = wrapper.cfbundle; includeInIndex = 0; path = QQTests.xctest; sourceTree = BUILT_PRODUCTS_DIR; };
		AE0619D01BFB23B300A92DC7 /* QQTests.m */ = {isa = PBXFileReference; lastKnownFileType = sourcecode.c.objc; path = QQTests.m; sourceTree = "<group>"; };
		AE0619D21BFB23B300A92DC7 /* Info.plist */ = {isa = PBXFileReference; lastKnownFileType = text.plist.xml; path = Info.plist; sourceTree = "<group>"; };
		AE0619D71BFB23B300A92DC7 /* QQUITests.xctest */ = {isa = PBXFileReference; explicitFileType = wrapper.cfbundle; includeInIndex = 0; path = QQUITests.xctest; sourceTree = BUILT_PRODUCTS_DIR; };
		AE0619DB1BFB23B300A92DC7 /* QQUITests.m */ = {isa = PBXFileReference; lastKnownFileType = sourcecode.c.objc; path = QQUITests.m; sourceTree = "<group>"; };
		AE0619DD1BFB23B300A92DC7 /* Info.plist */ = {isa = PBXFileReference; lastKnownFileType = text.plist.xml; path = Info.plist; sourceTree = "<group>"; };
/* End PBXFileReference section */

/* Begin PBXFrameworksBuildPhase section */
		AE0619AD1BFB23B200A92DC7 /* Frameworks */ = {
			isa = PBXFrameworksBuildPhase;
			buildActionMask = 2147483647;
			files = (
			);
			runOnlyForDeploymentPostprocessing = 0;
		};
		AE0619C91BFB23B300A92DC7 /* Frameworks */ = {
			isa = PBXFrameworksBuildPhase;
			buildActionMask = 2147483647;
			files = (
			);
			runOnlyForDeploymentPostprocessing = 0;
		};
		AE0619D41BFB23B300A92DC7 /* Frameworks */ = {
			isa = PBXFrameworksBuildPhase;
			buildActionMask = 2147483647;
			files = (
			);
			runOnlyForDeploymentPostprocessing = 0;
		};
/* End PBXFrameworksBuildPhase section */

/* Begin PBXGroup section */
		AE0619A71BFB23B200A92DC7 = {
			isa = PBXGroup;
			children = (
				AE0619B21BFB23B200A92DC7 /* QQ */,
				AE0619CF1BFB23B300A92DC7 /* QQTests */,
				AE0619DA1BFB23B300A92DC7 /* QQUITests */,
				AE0619B11BFB23B200A92DC7 /* Products */,
			);
			sourceTree = "<group>";
		};
		AE0619B11BFB23B200A92DC7 /* Products */ = {
			isa = PBXGroup;
			children = (
				AE0619B01BFB23B200A92DC7 /* QQ.app */,
				AE0619CC1BFB23B300A92DC7 /* QQTests.xctest */,
				AE0619D71BFB23B300A92DC7 /* QQUITests.xctest */,
			);
			name = Products;
			sourceTree = "<group>";
		};
		AE0619B21BFB23B200A92DC7 /* QQ */ = {
			isa = PBXGroup;
			children = (
				AE0619B61BFB23B200A92DC7 /* AppDelegate.h */,
				AE0619B71BFB23B200A92DC7 /* AppDelegate.m */,
				AE0619B91BFB23B200A92DC7 /* ViewController.h */,
				AE0619BA1BFB23B200A92DC7 /* ViewController.m */,
				AE0619BC1BFB23B200A92DC7 /* Main.storyboard */,
				AE0619C21BFB23B300A92DC7 /* Assets.xcassets */,
				AE0619C41BFB23B300A92DC7 /* LaunchScreen.storyboard */,
				AE0619C71BFB23B300A92DC7 /* Info.plist */,
				AE0619BF1BFB23B200A92DC7 /* QQ.xcdatamodeld */,
				AE0619B31BFB23B200A92DC7 /* Supporting Files */,
			);
			path = QQ;
			sourceTree = "<group>";
		};
		AE0619B31BFB23B200A92DC7 /* Supporting Files */ = {
			isa = PBXGroup;
			children = (
				AE0619B41BFB23B200A92DC7 /* main.m */,
			);
			name = "Supporting Files";
			sourceTree = "<group>";
		};
		AE0619CF1BFB23B300A92DC7 /* QQTests */ = {
			isa = PBXGroup;
			children = (
				AE0619D01BFB23B300A92DC7 /* QQTests.m */,
				AE0619D21BFB23B300A92DC7 /* Info.plist */,
			);
			path = QQTests;
			sourceTree = "<group>";
		};
		AE0619DA1BFB23B300A92DC7 /* QQUITests */ = {
			isa = PBXGroup;
			children = (
				AE0619DB1BFB23B300A92DC7 /* QQUITests.m */,
				AE0619DD1BFB23B300A92DC7 /* Info.plist */,
			);
			path = QQUITests;
			sourceTree = "<group>";
		};
/* End PBXGroup section */

/* Begin PBXNativeTarget section */
		AE0619AF1BFB23B200A92DC7 /* QQ */ = {
			isa = PBXNativeTarget;
			buildConfigurationList = AE0619E01BFB23B300A92DC7 /* Build configuration list for PBXNativeTarget "QQ" */;
			buildPhases = (
				AE0619AC1BFB23B200A92DC7 /* Sources */,
				AE0619AD1BFB23B200A92DC7 /* Frameworks */,
				AE0619AE1BFB23B200A92DC7 /* Resources */,
			);
			buildRules = (
			);
			dependencies = (
			);
			name = QQ;
			productName = QQ;
			productReference = AE0619B01BFB23B200A92DC7 /* QQ.app */;
			productType = "com.apple.product-type.application";
		};
		AE0619CB1BFB23B300A92DC7 /* QQTests */ = {
			isa = PBXNativeTarget;
			buildConfigurationList = AE0619E31BFB23B300A92DC7 /* Build configuration list for PBXNativeTarget "QQTests" */;
			buildPhases = (
				AE0619C81BFB23B300A92DC7 /* Sources */,
				AE0619C91BFB23B300A92DC7 /* Frameworks */,
				AE0619CA1BFB23B300A92DC7 /* Resources */,
			);
			buildRules = (
			);
			dependencies = (
				AE0619CE1BFB23B300A92DC7 /* PBXTargetDependency */,
			);
			name = QQTests;
			productName = QQTests;
			productReference = AE0619CC1BFB23B300A92DC7 /* QQTests.xctest */;
			productType = "com.apple.product-type.bundle.unit-test";
		};
		AE0619D61BFB23B300A92DC7 /* QQUITests */ = {
			isa = PBXNativeTarget;
			buildConfigurationList = AE0619E61BFB23B300A92DC7 /* Build configuration list for PBXNativeTarget "QQUITests" */;
			buildPhases = (
				AE0619D31BFB23B300A92DC7 /* Sources */,
				AE0619D41BFB23B300A92DC7 /* Frameworks */,
				AE0619D51BFB23B300A92DC7 /* Resources */,
			);
			buildRules = (
			);
			dependencies = (
				AE0619D91BFB23B300A92DC7 /* PBXTargetDependency */,
			);
			name = QQUITests;
			productName = QQUITests;
			productReference = AE0619D71BFB23B300A92DC7 /* QQUITests.xctest */;
			productType = "com.apple.product-type.bundle.ui-testing";
		};
/* End PBXNativeTarget section */

/* Begin PBXProject section */
		AE0619A81BFB23B200A92DC7 /* Project object */ = {
			isa = PBXProject;
			attributes = {
				LastUpgradeCheck = 0700;
				ORGANIZATIONNAME = "范其乐";
				TargetAttributes = {
					AE0619AF1BFB23B200A92DC7 = {
						CreatedOnToolsVersion = 7.0;
					};
					AE0619CB1BFB23B300A92DC7 = {
						CreatedOnToolsVersion = 7.0;
						TestTargetID = AE0619AF1BFB23B200A92DC7;
					};
					AE0619D61BFB23B300A92DC7 = {
						CreatedOnToolsVersion = 7.0;
						TestTargetID = AE0619AF1BFB23B200A92DC7;
					};
				};
			};
			buildConfigurationList = AE0619AB1BFB23B200A92DC7 /* Build configuration list for PBXProject "QQ" */;
			compatibilityVersion = "Xcode 3.2";
			developmentRegion = English;
			hasScannedForEncodings = 0;
			knownRegions = (
				en,
				Base,
			);
			mainGroup = AE0619A71BFB23B200A92DC7;
			productRefGroup = AE0619B11BFB23B200A92DC7 /* Products */;
			projectDirPath = "";
			projectRoot = "";
			targets = (
				AE0619AF1BFB23B200A92DC7 /* QQ */,
				AE0619CB1BFB23B300A92DC7 /* QQTests */,
				AE0619D61BFB23B300A92DC7 /* QQUITests */,
			);
		};
/* End PBXProject section */

/* Begin PBXResourcesBuildPhase section */
		AE0619AE1BFB23B200A92DC7 /* Resources */ = {
			isa = PBXResourcesBuildPhase;
			buildActionMask = 2147483647;
			files = (
				AE0619C61BFB23B300A92DC7 /* LaunchScreen.storyboard in Resources */,
				AE0619C31BFB23B300A92DC7 /* Assets.xcassets in Resources */,
				AE0619BE1BFB23B200A92DC7 /* Main.storyboard in Resources */,
			);
			runOnlyForDeploymentPostprocessing = 0;
		};
		AE0619CA1BFB23B300A92DC7 /* Resources */ = {
			isa = PBXResourcesBuildPhase;
			buildActionMask = 2147483647;
			files = (
			);
			runOnlyForDeploymentPostprocessing = 0;
		};
		AE0619D51BFB23B300A92DC7 /* Resources */ = {
			isa = PBXResourcesBuildPhase;
			buildActionMask = 2147483647;
			files = (
			);
			runOnlyForDeploymentPostprocessing = 0;
		};
/* End PBXResourcesBuildPhase section */

/* Begin PBXSourcesBuildPhase section */
		AE0619AC1BFB23B200A92DC7 /* Sources */ = {
			isa = PBXSourcesBuildPhase;
			buildActionMask = 2147483647;
			files = (
				AE0619BB1BFB23B200A92DC7 /* ViewController.m in Sources */,
				AE0619C11BFB23B200A92DC7 /* QQ.xcdatamodeld in Sources */,
				AE0619B81BFB23B200A92DC7 /* AppDelegate.m in Sources */,
				AE0619B51BFB23B200A92DC7 /* main.m in Sources */,
			);
			runOnlyForDeploymentPostprocessing = 0;
		};
		AE0619C81BFB23B300A92DC7 /* Sources */ = {
			isa = PBXSourcesBuildPhase;
			buildActionMask = 2147483647;
			files = (
				AE0619D11BFB23B300A92DC7 /* QQTests.m in Sources */,
			);
			runOnlyForDeploymentPostprocessing = 0;
		};
		AE0619D31BFB23B300A92DC7 /* Sources */ = {
			isa = PBXSourcesBuildPhase;
			buildActionMask = 2147483647;
			files = (
				AE0619DC1BFB23B300A92DC7 /* QQUITests.m in Sources */,
			);
			runOnlyForDeploymentPostprocessing = 0;
		};
/* End PBXSourcesBuildPhase section */

/* Begin PBXTargetDependency section */
		AE0619CE1BFB23B300A92DC7 /* PBXTargetDependency */ = {
			isa = PBXTargetDependency;
			target = AE0619AF1BFB23B200A92DC7 /* QQ */;
			targetProxy = AE0619CD1BFB23B300A92DC7 /* PBXContainerItemProxy */;
		};
		AE0619D91BFB23B300A92DC7 /* PBXTargetDependency */ = {
			isa = PBXTargetDependency;
			target = AE0619AF1BFB23B200A92DC7 /* QQ */;
			targetProxy = AE0619D81BFB23B300A92DC7 /* PBXContainerItemProxy */;
		};
/* End PBXTargetDependency section */

/* Begin PBXVariantGroup section */
		AE0619BC1BFB23B200A92DC7 /* Main.storyboard */ = {
			isa = PBXVariantGroup;
			children = (
				AE0619BD1BFB23B200A92DC7 /* Base */,
			);
			name = Main.storyboard;
			sourceTree = "<group>";
		};
		AE0619C41BFB23B300A92DC7 /* LaunchScreen.storyboard */ = {
			isa = PBXVariantGroup;
			children = (
				AE0619C51BFB23B300A92DC7 /* Base */,
			);
			name = LaunchScreen.storyboard;
			sourceTree = "<group>";
		};
/* End PBXVariantGroup section */

/* Begin XCBuildConfiguration section */
		AE0619DE1BFB23B300A92DC7 /* Debug */ = {
			isa = XCBuildConfiguration;
			buildSettings = {
				ALWAYS_SEARCH_USER_PATHS = NO;
				CLANG_CXX_LANGUAGE_STANDARD = "gnu++0x";
				CLANG_CXX_LIBRARY = "libc++";
				CLANG_ENABLE_MODULES = YES;
				CLANG_ENABLE_OBJC_ARC = YES;
				CLANG_WARN_BOOL_CONVERSION = YES;
				CLANG_WARN_CONSTANT_CONVERSION = YES;
				CLANG_WARN_DIRECT_OBJC_ISA_USAGE = YES_ERROR;
				CLANG_WARN_EMPTY_BODY = YES;
				CLANG_WARN_ENUM_CONVERSION = YES;
				CLANG_WARN_INT_CONVERSION = YES;
				CLANG_WARN_OBJC_ROOT_CLASS = YES_ERROR;
				CLANG_WARN_UNREACHABLE_CODE = YES;
				CLANG_WARN__DUPLICATE_METHOD_MATCH = YES;
				"CODE_SIGN_IDENTITY[sdk=iphoneos*]" = "iPhone Developer";
				COPY_PHASE_STRIP = NO;
				DEBUG_INFORMATION_FORMAT = dwarf;
				ENABLE_STRICT_OBJC_MSGSEND = YES;
				ENABLE_TESTABILITY = YES;
				GCC_C_LANGUAGE_STANDARD = gnu99;
				GCC_DYNAMIC_NO_PIC = NO;
				GCC_NO_COMMON_BLOCKS = YES;
				GCC_OPTIMIZATION_LEVEL = 0;
				GCC_PREPROCESSOR_DEFINITIONS = (
					"DEBUG=1",
					"$(inherited)",
				);
				GCC_WARN_64_TO_32_BIT_CONVERSION = YES;
				GCC_WARN_ABOUT_RETURN_TYPE = YES_ERROR;
				GCC_WARN_UNDECLARED_SELECTOR = YES;
				GCC_WARN_UNINITIALIZED_AUTOS = YES_AGGRESSIVE;
				GCC_WARN_UNUSED_FUNCTION = YES;
				GCC_WARN_UNUSED_VARIABLE = YES;
				IPHONEOS_DEPLOYMENT_TARGET = 9.0;
				MTL_ENABLE_DEBUG_INFO = YES;
				ONLY_ACTIVE_ARCH = YES;
				SDKROOT = iphoneos;
			};
			name = Debug;
		};
		AE0619DF1BFB23B300A92DC7 /* Release */ = {
			isa = XCBuildConfiguration;
			buildSettings = {
				ALWAYS_SEARCH_USER_PATHS = NO;
				CLANG_CXX_LANGUAGE_STANDARD = "gnu++0x";
				CLANG_CXX_LIBRARY = "libc++";
				CLANG_ENABLE_MODULES = YES;
				CLANG_ENABLE_OBJC_ARC = YES;
				CLANG_WARN_BOOL_CONVERSION = YES;
				CLANG_WARN_CONSTANT_CONVERSION = YES;
				CLANG_WARN_DIRECT_OBJC_ISA_USAGE = YES_ERROR;
				CLANG_WARN_EMPTY_BODY = YES;
				CLANG_WARN_ENUM_CONVERSION = YES;
				CLANG_WARN_INT_CONVERSION = YES;
				CLANG_WARN_OBJC_ROOT_CLASS = YES_ERROR;
				CLANG_WARN_UNREACHABLE_CODE = YES;
				CLANG_WARN__DUPLICATE_METHOD_MATCH = YES;
				"CODE_SIGN_IDENTITY[sdk=iphoneos*]" = "iPhone Developer";
				COPY_PHASE_STRIP = NO;
				DEBUG_INFORMATION_FORMAT = "dwarf-with-dsym";
				ENABLE_NS_ASSERTIONS = NO;
				ENABLE_STRICT_OBJC_MSGSEND = YES;
				GCC_C_LANGUAGE_STANDARD = gnu99;
				GCC_NO_COMMON_BLOCKS = YES;
				GCC_WARN_64_TO_32_BIT_CONVERSION = YES;
				GCC_WARN_ABOUT_RETURN_TYPE = YES_ERROR;
				GCC_WARN_UNDECLARED_SELECTOR = YES;
				GCC_WARN_UNINITIALIZED_AUTOS = YES_AGGRESSIVE;
				GCC_WARN_UNUSED_FUNCTION = YES;
				GCC_WARN_UNUSED_VARIABLE = YES;
				IPHONEOS_DEPLOYMENT_TARGET = 9.0;
				MTL_ENABLE_DEBUG_INFO = NO;
				SDKROOT = iphoneos;
				VALIDATE_PRODUCT = YES;
			};
			name = Release;
		};
		AE0619E11BFB23B300A92DC7 /* Debug */ = {
			isa = XCBuildConfiguration;
			buildSettings = {
				ASSETCATALOG_COMPILER_APPICON_NAME = AppIcon;
				INFOPLIST_FILE = QQ/Info.plist;
				LD_RUNPATH_SEARCH_PATHS = "$(inherited) @executable_path/Frameworks";
				PRODUCT_BUNDLE_IDENTIFIER = QL.QQ;
				PRODUCT_NAME = "$(TARGET_NAME)";
			};
			name = Debug;
		};
		AE0619E21BFB23B300A92DC7 /* Release */ = {
			isa = XCBuildConfiguration;
			buildSettings = {
				ASSETCATALOG_COMPILER_APPICON_NAME = AppIcon;
				INFOPLIST_FILE = QQ/Info.plist;
				LD_RUNPATH_SEARCH_PATHS = "$(inherited) @executable_path/Frameworks";
				PRODUCT_BUNDLE_IDENTIFIER = QL.QQ;
				PRODUCT_NAME = "$(TARGET_NAME)";
			};
			name = Release;
		};
		AE0619E41BFB23B300A92DC7 /* Debug */ = {
			isa = XCBuildConfiguration;
			buildSettings = {
				BUNDLE_LOADER = "$(TEST_HOST)";
				INFOPLIST_FILE = QQTests/Info.plist;
				LD_RUNPATH_SEARCH_PATHS = "$(inherited) @executable_path/Frameworks @loader_path/Frameworks";
				PRODUCT_BUNDLE_IDENTIFIER = QL.QQTests;
				PRODUCT_NAME = "$(TARGET_NAME)";
				TEST_HOST = "$(BUILT_PRODUCTS_DIR)/QQ.app/QQ";
			};
			name = Debug;
		};
		AE0619E51BFB23B300A92DC7 /* Release */ = {
			isa = XCBuildConfiguration;
			buildSettings = {
				BUNDLE_LOADER = "$(TEST_HOST)";
				INFOPLIST_FILE = QQTests/Info.plist;
				LD_RUNPATH_SEARCH_PATHS = "$(inherited) @executable_path/Frameworks @loader_path/Frameworks";
				PRODUCT_BUNDLE_IDENTIFIER = QL.QQTests;
				PRODUCT_NAME = "$(TARGET_NAME)";
				TEST_HOST = "$(BUILT_PRODUCTS_DIR)/QQ.app/QQ";
			};
			name = Release;
		};
		AE0619E71BFB23B300A92DC7 /* Debug */ = {
			isa = XCBuildConfiguration;
			buildSettings = {
				INFOPLIST_FILE = QQUITests/Info.plist;
				LD_RUNPATH_SEARCH_PATHS = "$(inherited) @executable_path/Frameworks @loader_path/Frameworks";
				PRODUCT_BUNDLE_IDENTIFIER = QL.QQUITests;
				PRODUCT_NAME = "$(TARGET_NAME)";
				TEST_TARGET_NAME = QQ;
				USES_XCTRUNNER = YES;
			};
			name = Debug;
		};
		AE0619E81BFB23B300A92DC7 /* Release */ = {
			isa = XCBuildConfiguration;
			buildSettings = {
				INFOPLIST_FILE = QQUITests/Info.plist;
				LD_RUNPATH_SEARCH_PATHS = "$(inherited) @executable_path/Frameworks @loader_path/Frameworks";
				PRODUCT_BUNDLE_IDENTIFIER = QL.QQUITests;
				PRODUCT_NAME = "$(TARGET_NAME)";
				TEST_TARGET_NAME = QQ;
				USES_XCTRUNNER = YES;
			};
			name = Release;
		};
/* End XCBuildConfiguration section */

/* Begin XCConfigurationList section */
		AE0619AB1BFB23B200A92DC7 /* Build configuration list for PBXProject "QQ" */ = {
			isa = XCConfigurationList;
			buildConfigurations = (
				AE0619DE1BFB23B300A92DC7 /* Debug */,
				AE0619DF1BFB23B300A92DC7 /* Release */,
			);
			defaultConfigurationIsVisible = 0;
			defaultConfigurationName = Release;
		};
		AE0619E01BFB23B300A92DC7 /* Build configuration list for PBXNativeTarget "QQ" */ = {
			isa = XCConfigurationList;
			buildConfigurations = (
				AE0619E11BFB23B300A92DC7 /* Debug */,
				AE0619E21BFB23B300A92DC7 /* Release */,
			);
			defaultConfigurationIsVisible = 0;
		};
		AE0619E31BFB23B300A92DC7 /* Build configuration list for PBXNativeTarget "QQTests" */ = {
			isa = XCConfigurationList;
			buildConfigurations = (
				AE0619E41BFB23B300A92DC7 /* Debug */,
				AE0619E51BFB23B300A92DC7 /* Release */,
			);
			defaultConfigurationIsVisible = 0;
		};
		AE0619E61BFB23B300A92DC7 /* Build configuration list for PBXNativeTarget "QQUITests" */ = {
			isa = XCConfigurationList;
			buildConfigurations = (
				AE0619E71BFB23B300A92DC7 /* Debug */,
				AE0619E81BFB23B300A92DC7 /* Release */,
			);
			defaultConfigurationIsVisible = 0;
		};
/* End XCConfigurationList section */

/* Begin XCVersionGroup section */
		AE0619BF1BFB23B200A92DC7 /* QQ.xcdatamodeld */ = {
			isa = XCVersionGroup;
			children = (
				AE0619C01BFB23B200A92DC7 /* QQ.xcdatamodel */,
			);
			currentVersion = AE0619C01BFB23B200A92DC7 /* QQ.xcdatamodel */;
			path = QQ.xcdatamodeld;
			sourceTree = "<group>";
			versionGroupType = wrapper.xcdatamodel;
		};
/* End XCVersionGroup section */
	};
	rootObject = AE0619A81BFB23B200A92DC7 /* Project object */;
}
